PODS:
  - AnyFormatProtocol (0.5.2)
  - BLFoundation (0.5.6):
    - BLFoundation/Data (= 0.5.6)
    - BLFoundation/Date (= 0.5.6)
    - BLFoundation/Device (= 0.5.6)
    - BLFoundation/Number (= 0.5.6)
    - BLFoundation/String (= 0.5.6)
    - BLFoundation/Thread (= 0.5.6)
    - BLFoundation/Tools (= 0.5.6)
    - BLFoundation/URL (= 0.5.6)
  - BLFoundation/Data (0.5.6)
  - BLFoundation/Date (0.5.6)
  - BLFoundation/Device (0.5.6)
  - BLFoundation/Number (0.5.6)
  - BLFoundation/String (0.5.6)
  - BLFoundation/Thread (0.5.6)
  - BLFoundation/Tools (0.5.6)
  - BLFoundation/URL (0.5.6)
  - Marmot (0.1.0):
    - SPRoutable (= 0.9.9.1.alpha)
  - RoutableAssist (0.2.2)
  - SnapKit (4.0.0)
  - SPRoutable (0.9.9.1.alpha):
    - RoutableAssist (= 0.2.2)

DEPENDENCIES:
  - AnyFormatProtocol
  - BLFoundation (from `https://github.com/linhay/BLFoundation.git`)
  - Marmot (from `../`)
  - SnapKit

SPEC REPOS:
  https://github.com/cocoapods/specs.git:
    - AnyFormatProtocol
    - RoutableAssist
    - SnapKit
    - SPRoutable

EXTERNAL SOURCES:
  BLFoundation:
    :git: https://github.com/linhay/BLFoundation.git
  Marmot:
    :path: "../"

CHECKOUT OPTIONS:
  BLFoundation:
    :commit: f41b5de76d781894361bd34a6a26dd103346db69
    :git: https://github.com/linhay/BLFoundation.git

SPEC CHECKSUMS:
  AnyFormatProtocol: f056fdc0d570f7811dc5138dd6b47167420282e8
  BLFoundation: 69d680393531ecba461d6a450b1fc2d616ad0741
  Marmot: 13179844bc9f5cd55e8c6cd9d39a47520bd911cd
  RoutableAssist: fdc37e8b5cc44d323aa7668cbbbd3859c3faf89e
  SnapKit: a42d492c16e80209130a3379f73596c3454b7694
  SPRoutable: 68887f8a34311d2f2b60db25af1393eb49bec99a

PODFILE CHECKSUM: 00f62940594b0cd3bfaf7f1134d87860be775fea

COCOAPODS: 1.5.3
