PODS:
  - BLFoundation (0.9.1):
    - BLFoundation/Coder (= 0.9.1)
    - BLFoundation/Custom (= 0.9.1)
    - BLFoundation/Data (= 0.9.1)
    - BLFoundation/Date (= 0.9.1)
    - BLFoundation/Device (= 0.9.1)
    - BLFoundation/Dispatch (= 0.9.1)
    - BLFoundation/NSObject (= 0.9.1)
    - BLFoundation/Stdlib (= 0.9.1)
    - BLFoundation/String (= 0.9.1)
    - BLFoundation/URL (= 0.9.1)
  - BLFoundation/Coder (0.9.1)
  - BLFoundation/Custom (0.9.1)
  - BLFoundation/Data (0.9.1)
  - BLFoundation/Date (0.9.1)
  - BLFoundation/Device (0.9.1)
  - BLFoundation/Dispatch (0.9.1)
  - BLFoundation/NSObject (0.9.1)
  - BLFoundation/Stdlib (0.9.1)
  - BLFoundation/String (0.9.1)
  - BLFoundation/URL (0.9.1)
  - DarkTemplar (0.0.6)
  - Khala (0.1.0):
    - DarkTemplar (= 0.0.6)
    - Khala/core (= 0.1.0)
    - Khala/extension (= 0.1.0)
  - Khala/core (0.1.0):
    - DarkTemplar (= 0.0.6)
  - Khala/extension (0.1.0):
    - DarkTemplar (= 0.0.6)
    - Khala/core
  - Marmot (0.1.2):
    - Khala (= 0.1.0)
  - SnapKit (4.2.0)
  - Stem (0.0.20):
    - Stem/Application (= 0.0.20)
    - Stem/CGGeometry (= 0.0.20)
    - Stem/Color (= 0.0.20)
    - Stem/Control (= 0.0.20)
    - Stem/Core (= 0.0.20)
    - Stem/Font (= 0.0.20)
    - Stem/Foundation (= 0.0.20)
    - Stem/GestureRecognizer (= 0.0.20)
    - Stem/Image (= 0.0.20)
    - Stem/ImageView (= 0.0.20)
    - Stem/InputView (= 0.0.20)
    - Stem/Label (= 0.0.20)
    - Stem/ListView (= 0.0.20)
    - Stem/NavigationBar (= 0.0.20)
    - Stem/NSLayoutConstraint (= 0.0.20)
    - Stem/Storyboard (= 0.0.20)
    - Stem/UIDevice (= 0.0.20)
    - Stem/View (= 0.0.20)
    - Stem/ViewController (= 0.0.20)
  - Stem/Application (0.0.20):
    - Stem/Core
  - Stem/CGGeometry (0.0.20):
    - Stem/Core
  - Stem/Color (0.0.20):
    - Stem/Core
  - Stem/Control (0.0.20):
    - Stem/Core
  - Stem/Core (0.0.20)
  - Stem/Font (0.0.20):
    - Stem/Core
  - Stem/Foundation (0.0.20):
    - Stem/Core
  - Stem/GestureRecognizer (0.0.20):
    - Stem/Core
  - Stem/Image (0.0.20):
    - Stem/Core
  - Stem/ImageView (0.0.20):
    - Stem/Core
    - Stem/Image
  - Stem/InputView (0.0.20):
    - Stem/CGGeometry
    - Stem/Core
  - Stem/Label (0.0.20):
    - Stem/Core
  - Stem/ListView (0.0.20):
    - Stem/Core
  - Stem/NavigationBar (0.0.20):
    - Stem/Core
  - Stem/NSLayoutConstraint (0.0.20):
    - Stem/Core
  - Stem/Storyboard (0.0.20):
    - Stem/Core
  - Stem/UIDevice (0.0.20):
    - Stem/Core
  - Stem/View (0.0.20):
    - Stem/Core
  - Stem/ViewController (0.0.20):
    - Stem/Core

DEPENDENCIES:
  - BLFoundation (= 0.9.1)
  - Marmot (from `../`)
  - SnapKit
  - Stem (= 0.0.20)

SPEC REPOS:
  https://github.com/cocoapods/specs.git:
    - BLFoundation
    - DarkTemplar
    - Khala
    - SnapKit
    - Stem

EXTERNAL SOURCES:
  Marmot:
    :path: "../"

SPEC CHECKSUMS:
  BLFoundation: 3e79484ff3cc6d741e4e39dd8afa495493cfbe0a
  DarkTemplar: 3a009b6ec67483dac902bf12a36c566663bf52ce
  Khala: ca5791866c5419dfed6494ed80aa8ce93aa2b951
  Marmot: 6fdb5b1e3e7cf7c6193fc74a41b13913e74d960c
  SnapKit: fe8a619752f3f27075cc9a90244d75c6c3f27e2a
  Stem: c4bb1a515e781a71832f094110eef8aaaa4de568

PODFILE CHECKSUM: 50e14a477b536cb4418a12c408d4957d4b1c7dca

COCOAPODS: 1.7.2
